// !$*UTF8*$!
{
	archiveVersion = 1;
	classes = {
	};
	objectVersion = 46;
	objects = {

/* Begin PBXBuildFile section */
		8473507B1E8B460100273B23 /* PublicacionesWebservice.swift in Sources */ = {isa = PBXBuildFile; fileRef = 8473507A1E8B460100273B23 /* PublicacionesWebservice.swift */; };
		E68CC83BBEFF06D9678D29FF /* Pods_Servicios_Web_IOS_Modulo3.framework in Frameworks */ = {isa = PBXBuildFile; fileRef = 9F3FFE407D0CEA8ADBD9A452 /* Pods_Servicios_Web_IOS_Modulo3.framework */; };
		FBE1CF481E84A7440090551F /* AppDelegate.swift in Sources */ = {isa = PBXBuildFile; fileRef = FBE1CF471E84A7440090551F /* AppDelegate.swift */; };
		FBE1CF4A1E84A7440090551F /* ViewController.swift in Sources */ = {isa = PBXBuildFile; fileRef = FBE1CF491E84A7440090551F /* ViewController.swift */; };
		FBE1CF4D1E84A7440090551F /* Main.storyboard in Resources */ = {isa = PBXBuildFile; fileRef = FBE1CF4B1E84A7440090551F /* Main.storyboard */; };
		FBE1CF4F1E84A7440090551F /* Assets.xcassets in Resources */ = {isa = PBXBuildFile; fileRef = FBE1CF4E1E84A7440090551F /* Assets.xcassets */; };
		FBE1CF521E84A7440090551F /* LaunchScreen.storyboard in Resources */ = {isa = PBXBuildFile; fileRef = FBE1CF501E84A7440090551F /* LaunchScreen.storyboard */; };
		FBE1CF601E84A8BA0090551F /* PublicacionesCell.swift in Sources */ = {isa = PBXBuildFile; fileRef = FBE1CF5F1E84A8BA0090551F /* PublicacionesCell.swift */; };
		FBE1CF621E84AA010090551F /* Publicaciones.swift in Sources */ = {isa = PBXBuildFile; fileRef = FBE1CF611E84AA010090551F /* Publicaciones.swift */; };
		FBE1CF641E84BA630090551F /* AgregarPublicacionesTableViewController.swift in Sources */ = {isa = PBXBuildFile; fileRef = FBE1CF631E84BA630090551F /* AgregarPublicacionesTableViewController.swift */; };
		FBE1CF661E84BFBA0090551F /* DetalleViewController.swift in Sources */ = {isa = PBXBuildFile; fileRef = FBE1CF651E84BFBA0090551F /* DetalleViewController.swift */; };
/* End PBXBuildFile section */

/* Begin PBXFileReference section */
		15058ECF019FD62DEEC785BD /* Pods-Servicios Web IOS Modulo3.debug.xcconfig */ = {isa = PBXFileReference; includeInIndex = 1; lastKnownFileType = text.xcconfig; name = "Pods-Servicios Web IOS Modulo3.debug.xcconfig"; path = "Pods/Target Support Files/Pods-Servicios Web IOS Modulo3/Pods-Servicios Web IOS Modulo3.debug.xcconfig"; sourceTree = "<group>"; };
		8473507A1E8B460100273B23 /* PublicacionesWebservice.swift */ = {isa = PBXFileReference; fileEncoding = 4; lastKnownFileType = sourcecode.swift; path = PublicacionesWebservice.swift; sourceTree = "<group>"; };
		8473507C1E8B58BB00273B23 /* Servicios Web IOS Modulo3-Bridging-Header.h */ = {isa = PBXFileReference; lastKnownFileType = sourcecode.c.h; path = "Servicios Web IOS Modulo3-Bridging-Header.h"; sourceTree = "<group>"; };
		9F3FFE407D0CEA8ADBD9A452 /* Pods_Servicios_Web_IOS_Modulo3.framework */ = {isa = PBXFileReference; explicitFileType = wrapper.framework; includeInIndex = 0; path = Pods_Servicios_Web_IOS_Modulo3.framework; sourceTree = BUILT_PRODUCTS_DIR; };
		B074EB27959735EF865E4585 /* Pods-Servicios Web IOS Modulo3.release.xcconfig */ = {isa = PBXFileReference; includeInIndex = 1; lastKnownFileType = text.xcconfig; name = "Pods-Servicios Web IOS Modulo3.release.xcconfig"; path = "Pods/Target Support Files/Pods-Servicios Web IOS Modulo3/Pods-Servicios Web IOS Modulo3.release.xcconfig"; sourceTree = "<group>"; };
		FBE1CF441E84A7440090551F /* Servicios Web IOS Modulo3.app */ = {isa = PBXFileReference; explicitFileType = wrapper.application; includeInIndex = 0; path = "Servicios Web IOS Modulo3.app"; sourceTree = BUILT_PRODUCTS_DIR; };
		FBE1CF471E84A7440090551F /* AppDelegate.swift */ = {isa = PBXFileReference; lastKnownFileType = sourcecode.swift; path = AppDelegate.swift; sourceTree = "<group>"; };
		FBE1CF491E84A7440090551F /* ViewController.swift */ = {isa = PBXFileReference; lastKnownFileType = sourcecode.swift; path = ViewController.swift; sourceTree = "<group>"; };
		FBE1CF4C1E84A7440090551F /* Base */ = {isa = PBXFileReference; lastKnownFileType = file.storyboard; name = Base; path = Base.lproj/Main.storyboard; sourceTree = "<group>"; };
		FBE1CF4E1E84A7440090551F /* Assets.xcassets */ = {isa = PBXFileReference; lastKnownFileType = folder.assetcatalog; path = Assets.xcassets; sourceTree = "<group>"; };
		FBE1CF511E84A7440090551F /* Base */ = {isa = PBXFileReference; lastKnownFileType = file.storyboard; name = Base; path = Base.lproj/LaunchScreen.storyboard; sourceTree = "<group>"; };
		FBE1CF531E84A7440090551F /* Info.plist */ = {isa = PBXFileReference; lastKnownFileType = text.plist.xml; path = Info.plist; sourceTree = "<group>"; };
		FBE1CF5F1E84A8BA0090551F /* PublicacionesCell.swift */ = {isa = PBXFileReference; fileEncoding = 4; lastKnownFileType = sourcecode.swift; path = PublicacionesCell.swift; sourceTree = "<group>"; };
		FBE1CF611E84AA010090551F /* Publicaciones.swift */ = {isa = PBXFileReference; fileEncoding = 4; lastKnownFileType = sourcecode.swift; path = Publicaciones.swift; sourceTree = "<group>"; };
		FBE1CF631E84BA630090551F /* AgregarPublicacionesTableViewController.swift */ = {isa = PBXFileReference; fileEncoding = 4; lastKnownFileType = sourcecode.swift; path = AgregarPublicacionesTableViewController.swift; sourceTree = "<group>"; };
		FBE1CF651E84BFBA0090551F /* DetalleViewController.swift */ = {isa = PBXFileReference; fileEncoding = 4; lastKnownFileType = sourcecode.swift; path = DetalleViewController.swift; sourceTree = "<group>"; };
/* End PBXFileReference section */

/* Begin PBXFrameworksBuildPhase section */
		FBE1CF411E84A7440090551F /* Frameworks */ = {
			isa = PBXFrameworksBuildPhase;
			buildActionMask = 2147483647;
			files = (
				E68CC83BBEFF06D9678D29FF /* Pods_Servicios_Web_IOS_Modulo3.framework in Frameworks */,
			);
			runOnlyForDeploymentPostprocessing = 0;
		};
/* End PBXFrameworksBuildPhase section */

/* Begin PBXGroup section */
		3F0FF2B8C6EA099E9213CAEC /* Frameworks */ = {
			isa = PBXGroup;
			children = (
				9F3FFE407D0CEA8ADBD9A452 /* Pods_Servicios_Web_IOS_Modulo3.framework */,
			);
			name = Frameworks;
			sourceTree = "<group>";
		};
		C1E7FD503243789FC569AAA3 /* Pods */ = {
			isa = PBXGroup;
			children = (
				15058ECF019FD62DEEC785BD /* Pods-Servicios Web IOS Modulo3.debug.xcconfig */,
				B074EB27959735EF865E4585 /* Pods-Servicios Web IOS Modulo3.release.xcconfig */,
			);
			name = Pods;
			sourceTree = "<group>";
		};
		FBE1CF3B1E84A7440090551F = {
			isa = PBXGroup;
			children = (
				FBE1CF461E84A7440090551F /* Servicios Web IOS Modulo3 */,
				FBE1CF451E84A7440090551F /* Products */,
				C1E7FD503243789FC569AAA3 /* Pods */,
				3F0FF2B8C6EA099E9213CAEC /* Frameworks */,
			);
			sourceTree = "<group>";
		};
		FBE1CF451E84A7440090551F /* Products */ = {
			isa = PBXGroup;
			children = (
				FBE1CF441E84A7440090551F /* Servicios Web IOS Modulo3.app */,
			);
			name = Products;
			sourceTree = "<group>";
		};
		FBE1CF461E84A7440090551F /* Servicios Web IOS Modulo3 */ = {
			isa = PBXGroup;
			children = (
				FBE1CF5D1E84A8060090551F /* Vistas */,
				FBE1CF5C1E84A7F80090551F /* Controladores */,
				FBE1CF5B1E84A7950090551F /* Servicios Web */,
				FBE1CF5A1E84A76F0090551F /* Entidades */,
				FBE1CF471E84A7440090551F /* AppDelegate.swift */,
				FBE1CF4E1E84A7440090551F /* Assets.xcassets */,
				FBE1CF531E84A7440090551F /* Info.plist */,
				8473507C1E8B58BB00273B23 /* Servicios Web IOS Modulo3-Bridging-Header.h */,
			);
			path = "Servicios Web IOS Modulo3";
			sourceTree = "<group>";
		};
		FBE1CF5A1E84A76F0090551F /* Entidades */ = {
			isa = PBXGroup;
			children = (
				FBE1CF611E84AA010090551F /* Publicaciones.swift */,
			);
			name = Entidades;
			sourceTree = "<group>";
		};
		FBE1CF5B1E84A7950090551F /* Servicios Web */ = {
			isa = PBXGroup;
			children = (
				8473507A1E8B460100273B23 /* PublicacionesWebservice.swift */,
			);
			name = "Servicios Web";
			sourceTree = "<group>";
		};
		FBE1CF5C1E84A7F80090551F /* Controladores */ = {
			isa = PBXGroup;
			children = (
				FBE1CF5E1E84A83B0090551F /* Celdas */,
				FBE1CF491E84A7440090551F /* ViewController.swift */,
				FBE1CF631E84BA630090551F /* AgregarPublicacionesTableViewController.swift */,
				FBE1CF651E84BFBA0090551F /* DetalleViewController.swift */,
			);
			name = Controladores;
			sourceTree = "<group>";
		};
		FBE1CF5D1E84A8060090551F /* Vistas */ = {
			isa = PBXGroup;
			children = (
				FBE1CF501E84A7440090551F /* LaunchScreen.storyboard */,
				FBE1CF4B1E84A7440090551F /* Main.storyboard */,
			);
			name = Vistas;
			sourceTree = "<group>";
		};
		FBE1CF5E1E84A83B0090551F /* Celdas */ = {
			isa = PBXGroup;
			children = (
				FBE1CF5F1E84A8BA0090551F /* PublicacionesCell.swift */,
			);
			name = Celdas;
			sourceTree = "<group>";
		};
/* End PBXGroup section */

/* Begin PBXNativeTarget section */
		FBE1CF431E84A7440090551F /* Servicios Web IOS Modulo3 */ = {
			isa = PBXNativeTarget;
			buildConfigurationList = FBE1CF561E84A7440090551F /* Build configuration list for PBXNativeTarget "Servicios Web IOS Modulo3" */;
			buildPhases = (
				57EECB28491319D58BC2103C /* [CP] Check Pods Manifest.lock */,
				FBE1CF401E84A7440090551F /* Sources */,
				FBE1CF411E84A7440090551F /* Frameworks */,
				FBE1CF421E84A7440090551F /* Resources */,
				70C2C037150DDF85FFD6E5D7 /* [CP] Embed Pods Frameworks */,
				63169471FE64E681D09A3DDE /* [CP] Copy Pods Resources */,
			);
			buildRules = (
			);
			dependencies = (
			);
			name = "Servicios Web IOS Modulo3";
			productName = "Servicios Web IOS Modulo3";
			productReference = FBE1CF441E84A7440090551F /* Servicios Web IOS Modulo3.app */;
			productType = "com.apple.product-type.application";
		};
/* End PBXNativeTarget section */

/* Begin PBXProject section */
		FBE1CF3C1E84A7440090551F /* Project object */ = {
			isa = PBXProject;
			attributes = {
				LastSwiftUpdateCheck = 0800;
				LastUpgradeCheck = 0800;
				ORGANIZATIONNAME = alumno;
				TargetAttributes = {
					FBE1CF431E84A7440090551F = {
						CreatedOnToolsVersion = 8.0;
						LastSwiftMigration = 0800;
						ProvisioningStyle = Automatic;
					};
				};
			};
			buildConfigurationList = FBE1CF3F1E84A7440090551F /* Build configuration list for PBXProject "Servicios Web IOS Modulo3" */;
			compatibilityVersion = "Xcode 3.2";
			developmentRegion = English;
			hasScannedForEncodings = 0;
			knownRegions = (
				en,
				Base,
			);
			mainGroup = FBE1CF3B1E84A7440090551F;
			productRefGroup = FBE1CF451E84A7440090551F /* Products */;
			projectDirPath = "";
			projectRoot = "";
			targets = (
				FBE1CF431E84A7440090551F /* Servicios Web IOS Modulo3 */,
			);
		};
/* End PBXProject section */

/* Begin PBXResourcesBuildPhase section */
		FBE1CF421E84A7440090551F /* Resources */ = {
			isa = PBXResourcesBuildPhase;
			buildActionMask = 2147483647;
			files = (
				FBE1CF521E84A7440090551F /* LaunchScreen.storyboard in Resources */,
				FBE1CF4F1E84A7440090551F /* Assets.xcassets in Resources */,
				FBE1CF4D1E84A7440090551F /* Main.storyboard in Resources */,
			);
			runOnlyForDeploymentPostprocessing = 0;
		};
/* End PBXResourcesBuildPhase section */

/* Begin PBXShellScriptBuildPhase section */
		57EECB28491319D58BC2103C /* [CP] Check Pods Manifest.lock */ = {
			isa = PBXShellScriptBuildPhase;
			buildActionMask = 2147483647;
			files = (
			);
			inputPaths = (
			);
			name = "[CP] Check Pods Manifest.lock";
			outputPaths = (
			);
			runOnlyForDeploymentPostprocessing = 0;
			shellPath = /bin/sh;
			shellScript = "diff \"${PODS_ROOT}/../Podfile.lock\" \"${PODS_ROOT}/Manifest.lock\" > /dev/null\nif [ $? != 0 ] ; then\n    # print error to STDERR\n    echo \"error: The sandbox is not in sync with the Podfile.lock. Run 'pod install' or update your CocoaPods installation.\" >&2\n    exit 1\nfi\n";
			showEnvVarsInLog = 0;
		};
		63169471FE64E681D09A3DDE /* [CP] Copy Pods Resources */ = {
			isa = PBXShellScriptBuildPhase;
			buildActionMask = 2147483647;
			files = (
			);
			inputPaths = (
			);
			name = "[CP] Copy Pods Resources";
			outputPaths = (
			);
			runOnlyForDeploymentPostprocessing = 0;
			shellPath = /bin/sh;
			shellScript = "\"${SRCROOT}/Pods/Target Support Files/Pods-Servicios Web IOS Modulo3/Pods-Servicios Web IOS Modulo3-resources.sh\"\n";
			showEnvVarsInLog = 0;
		};
		70C2C037150DDF85FFD6E5D7 /* [CP] Embed Pods Frameworks */ = {
			isa = PBXShellScriptBuildPhase;
			buildActionMask = 2147483647;
			files = (
			);
			inputPaths = (
			);
			name = "[CP] Embed Pods Frameworks";
			outputPaths = (
			);
			runOnlyForDeploymentPostprocessing = 0;
			shellPath = /bin/sh;
			shellScript = "\"${SRCROOT}/Pods/Target Support Files/Pods-Servicios Web IOS Modulo3/Pods-Servicios Web IOS Modulo3-frameworks.sh\"\n";
			showEnvVarsInLog = 0;
		};
/* End PBXShellScriptBuildPhase section */

/* Begin PBXSourcesBuildPhase section */
		FBE1CF401E84A7440090551F /* Sources */ = {
			isa = PBXSourcesBuildPhase;
			buildActionMask = 2147483647;
			files = (
				FBE1CF661E84BFBA0090551F /* DetalleViewController.swift in Sources */,
				FBE1CF4A1E84A7440090551F /* ViewController.swift in Sources */,
				FBE1CF481E84A7440090551F /* AppDelegate.swift in Sources */,
				8473507B1E8B460100273B23 /* PublicacionesWebservice.swift in Sources */,
				FBE1CF601E84A8BA0090551F /* PublicacionesCell.swift in Sources */,
				FBE1CF621E84AA010090551F /* Publicaciones.swift in Sources */,
				FBE1CF641E84BA630090551F /* AgregarPublicacionesTableViewController.swift in Sources */,
			);
			runOnlyForDeploymentPostprocessing = 0;
		};
/* End PBXSourcesBuildPhase section */

/* Begin PBXVariantGroup section */
		FBE1CF4B1E84A7440090551F /* Main.storyboard */ = {
			isa = PBXVariantGroup;
			children = (
				FBE1CF4C1E84A7440090551F /* Base */,
			);
			name = Main.storyboard;
			sourceTree = "<group>";
		};
		FBE1CF501E84A7440090551F /* LaunchScreen.storyboard */ = {
			isa = PBXVariantGroup;
			children = (
				FBE1CF511E84A7440090551F /* Base */,
			);
			name = LaunchScreen.storyboard;
			sourceTree = "<group>";
		};
/* End PBXVariantGroup section */

/* Begin XCBuildConfiguration section */
		FBE1CF541E84A7440090551F /* Debug */ = {
			isa = XCBuildConfiguration;
			buildSettings = {
				ALWAYS_SEARCH_USER_PATHS = NO;
				CLANG_ANALYZER_NONNULL = YES;
				CLANG_CXX_LANGUAGE_STANDARD = "gnu++0x";
				CLANG_CXX_LIBRARY = "libc++";
				CLANG_ENABLE_MODULES = YES;
				CLANG_ENABLE_OBJC_ARC = YES;
				CLANG_WARN_BOOL_CONVERSION = YES;
				CLANG_WARN_CONSTANT_CONVERSION = YES;
				CLANG_WARN_DIRECT_OBJC_ISA_USAGE = YES_ERROR;
				CLANG_WARN_DOCUMENTATION_COMMENTS = YES;
				CLANG_WARN_EMPTY_BODY = YES;
				CLANG_WARN_ENUM_CONVERSION = YES;
				CLANG_WARN_INFINITE_RECURSION = YES;
				CLANG_WARN_INT_CONVERSION = YES;
				CLANG_WARN_OBJC_ROOT_CLASS = YES_ERROR;
				CLANG_WARN_SUSPICIOUS_MOVES = YES;
				CLANG_WARN_UNREACHABLE_CODE = YES;
				CLANG_WARN__DUPLICATE_METHOD_MATCH = YES;
				"CODE_SIGN_IDENTITY[sdk=iphoneos*]" = "iPhone Developer";
				COPY_PHASE_STRIP = NO;
				DEBUG_INFORMATION_FORMAT = dwarf;
				ENABLE_STRICT_OBJC_MSGSEND = YES;
				ENABLE_TESTABILITY = YES;
				GCC_C_LANGUAGE_STANDARD = gnu99;
				GCC_DYNAMIC_NO_PIC = NO;
				GCC_NO_COMMON_BLOCKS = YES;
				GCC_OPTIMIZATION_LEVEL = 0;
				GCC_PREPROCESSOR_DEFINITIONS = (
					"DEBUG=1",
					"$(inherited)",
				);
				GCC_WARN_64_TO_32_BIT_CONVERSION = YES;
				GCC_WARN_ABOUT_RETURN_TYPE = YES_ERROR;
				GCC_WARN_UNDECLARED_SELECTOR = YES;
				GCC_WARN_UNINITIALIZED_AUTOS = YES_AGGRESSIVE;
				GCC_WARN_UNUSED_FUNCTION = YES;
				GCC_WARN_UNUSED_VARIABLE = YES;
				IPHONEOS_DEPLOYMENT_TARGET = 10.0;
				MTL_ENABLE_DEBUG_INFO = YES;
				ONLY_ACTIVE_ARCH = YES;
				SDKROOT = iphoneos;
				SWIFT_ACTIVE_COMPILATION_CONDITIONS = DEBUG;
				SWIFT_OPTIMIZATION_LEVEL = "-Onone";
				TARGETED_DEVICE_FAMILY = "1,2";
			};
			name = Debug;
		};
		FBE1CF551E84A7440090551F /* Release */ = {
			isa = XCBuildConfiguration;
			buildSettings = {
				ALWAYS_SEARCH_USER_PATHS = NO;
				CLANG_ANALYZER_NONNULL = YES;
				CLANG_CXX_LANGUAGE_STANDARD = "gnu++0x";
				CLANG_CXX_LIBRARY = "libc++";
				CLANG_ENABLE_MODULES = YES;
				CLANG_ENABLE_OBJC_ARC = YES;
				CLANG_WARN_BOOL_CONVERSION = YES;
				CLANG_WARN_CONSTANT_CONVERSION = YES;
				CLANG_WARN_DIRECT_OBJC_ISA_USAGE = YES_ERROR;
				CLANG_WARN_DOCUMENTATION_COMMENTS = YES;
				CLANG_WARN_EMPTY_BODY = YES;
				CLANG_WARN_ENUM_CONVERSION = YES;
				CLANG_WARN_INFINITE_RECURSION = YES;
				CLANG_WARN_INT_CONVERSION = YES;
				CLANG_WARN_OBJC_ROOT_CLASS = YES_ERROR;
				CLANG_WARN_SUSPICIOUS_MOVES = YES;
				CLANG_WARN_UNREACHABLE_CODE = YES;
				CLANG_WARN__DUPLICATE_METHOD_MATCH = YES;
				"CODE_SIGN_IDENTITY[sdk=iphoneos*]" = "iPhone Developer";
				COPY_PHASE_STRIP = NO;
				DEBUG_INFORMATION_FORMAT = "dwarf-with-dsym";
				ENABLE_NS_ASSERTIONS = NO;
				ENABLE_STRICT_OBJC_MSGSEND = YES;
				GCC_C_LANGUAGE_STANDARD = gnu99;
				GCC_NO_COMMON_BLOCKS = YES;
				GCC_WARN_64_TO_32_BIT_CONVERSION = YES;
				GCC_WARN_ABOUT_RETURN_TYPE = YES_ERROR;
				GCC_WARN_UNDECLARED_SELECTOR = YES;
				GCC_WARN_UNINITIALIZED_AUTOS = YES_AGGRESSIVE;
				GCC_WARN_UNUSED_FUNCTION = YES;
				GCC_WARN_UNUSED_VARIABLE = YES;
				IPHONEOS_DEPLOYMENT_TARGET = 10.0;
				MTL_ENABLE_DEBUG_INFO = NO;
				SDKROOT = iphoneos;
				SWIFT_OPTIMIZATION_LEVEL = "-Owholemodule";
				TARGETED_DEVICE_FAMILY = "1,2";
				VALIDATE_PRODUCT = YES;
			};
			name = Release;
		};
		FBE1CF571E84A7440090551F /* Debug */ = {
			isa = XCBuildConfiguration;
			baseConfigurationReference = 15058ECF019FD62DEEC785BD /* Pods-Servicios Web IOS Modulo3.debug.xcconfig */;
			buildSettings = {
				ASSETCATALOG_COMPILER_APPICON_NAME = AppIcon;
				CLANG_ENABLE_MODULES = YES;
				INFOPLIST_FILE = "Servicios Web IOS Modulo3/Info.plist";
				LD_RUNPATH_SEARCH_PATHS = "$(inherited) @executable_path/Frameworks";
				PRODUCT_BUNDLE_IDENTIFIER = "pe.ourlimm.Servicios-Web-IOS-Modulo3";
				PRODUCT_NAME = "$(TARGET_NAME)";
				SWIFT_OBJC_BRIDGING_HEADER = "Servicios Web IOS Modulo3/Servicios Web IOS Modulo3-Bridging-Header.h";
				SWIFT_OPTIMIZATION_LEVEL = "-Onone";
				SWIFT_VERSION = 3.0;
			};
			name = Debug;
		};
		FBE1CF581E84A7440090551F /* Release */ = {
			isa = XCBuildConfiguration;
			baseConfigurationReference = B074EB27959735EF865E4585 /* Pods-Servicios Web IOS Modulo3.release.xcconfig */;
			buildSettings = {
				ASSETCATALOG_COMPILER_APPICON_NAME = AppIcon;
				CLANG_ENABLE_MODULES = YES;
				INFOPLIST_FILE = "Servicios Web IOS Modulo3/Info.plist";
				LD_RUNPATH_SEARCH_PATHS = "$(inherited) @executable_path/Frameworks";
				PRODUCT_BUNDLE_IDENTIFIER = "pe.ourlimm.Servicios-Web-IOS-Modulo3";
				PRODUCT_NAME = "$(TARGET_NAME)";
				SWIFT_OBJC_BRIDGING_HEADER = "Servicios Web IOS Modulo3/Servicios Web IOS Modulo3-Bridging-Header.h";
				SWIFT_VERSION = 3.0;
			};
			name = Release;
		};
/* End XCBuildConfiguration section */

/* Begin XCConfigurationList section */
		FBE1CF3F1E84A7440090551F /* Build configuration list for PBXProject "Servicios Web IOS Modulo3" */ = {
			isa = XCConfigurationList;
			buildConfigurations = (
				FBE1CF541E84A7440090551F /* Debug */,
				FBE1CF551E84A7440090551F /* Release */,
			);
			defaultConfigurationIsVisible = 0;
			defaultConfigurationName = Release;
		};
		FBE1CF561E84A7440090551F /* Build configuration list for PBXNativeTarget "Servicios Web IOS Modulo3" */ = {
			isa = XCConfigurationList;
			buildConfigurations = (
				FBE1CF571E84A7440090551F /* Debug */,
				FBE1CF581E84A7440090551F /* Release */,
			);
			defaultConfigurationIsVisible = 0;
			defaultConfigurationName = Release;
		};
/* End XCConfigurationList section */
	};
	rootObject = FBE1CF3C1E84A7440090551F /* Project object */;
}
